
Microsoft Visual Studio Solution File, Format Version 12.00
# Visual Studio Version 16
VisualStudioVersion = 16.0.31605.320
MinimumVisualStudioVersion = 10.0.40219.1
Project("{FAE04EC0-301F-11D3-BF4B-00C04F79EFBC}") = "93-2", "93-2\93-2.csproj", "{308F3D61-DB95-46A2-A1E0-9265EA555575}"
EndProject
Global
	GlobalSection(SolutionConfigurationPlatforms) = preSolution
		Debug|Any CPU = Debug|Any CPU
		Release|Any CPU = Release|Any CPU
	EndGlobalSection
	GlobalSection(ProjectConfigurationPlatforms) = postSolution
		{308F3D61-DB95-46A2-A1E0-9265EA555575}.Debug|Any CPU.ActiveCfg = Debug|Any CPU
		{308F3D61-DB95-46A2-A1E0-9265EA555575}.Debug|Any CPU.Build.0 = Debug|Any CPU
		{308F3D61-DB95-46A2-A1E0-9265EA555575}.Release|Any CPU.ActiveCfg = Release|Any CPU
		{308F3D61-DB95-46A2-A1E0-9265EA555575}.Release|Any CPU.Build.0 = Release|Any CPU
	EndGlobalSection
	GlobalSection(SolutionProperties) = preSolution
		HideSolutionNode = FALSE
	EndGlobalSection
	GlobalSection(ExtensibilityGlobals) = postSolution
		SolutionGuid = {D843865F-07E3-4A16-9CAA-8B1DFD51D251}
	EndGlobalSection
EndGlobal
